
Microsoft Visual Studio Solution File, Format Version 12.00
# Visual Studio Version 17
VisualStudioVersion = 17.10.34916.146
MinimumVisualStudioVersion = 10.0.40219.1
Project("{FAE04EC0-301F-11D3-BF4B-00C04F79EFBC}") = "SS.Admin", "SS.Admin\SS.Admin.csproj", "{99D28584-C452-4AFF-B956-ABDFC8F2E77B}"
EndProject
Project("{FAE04EC0-301F-11D3-BF4B-00C04F79EFBC}") = "SS.Client", "SS.Client\SS.Client.csproj", "{3E0A0F8A-6FD4-41CF-A4B8-654D521DC532}"
EndProject
Project("{2150E333-8FDC-42A3-9474-1A3956D46DE8}") = "NTier", "NTier", "{3B638038-020E-4C0D-B3C2-622FD37C0853}"
EndProject
Project("{FAE04EC0-301F-11D3-BF4B-00C04F79EFBC}") = "SS.DAL", "NTier\SS.DAL\SS.DAL.csproj", "{FB9B6E5B-D8F2-47B1-BA61-08B1DD3CEC9B}"
EndProject
Project("{FAE04EC0-301F-11D3-BF4B-00C04F79EFBC}") = "SS.BLL", "NTier\SS.BLL\SS.BLL.csproj", "{57B5D0E0-A337-4967-A013-1FFD803F058D}"
EndProject
Project("{FAE04EC0-301F-11D3-BF4B-00C04F79EFBC}") = "SS.DTO", "NTier\SS.DTO\SS.DTO.csproj", "{E45FEED0-35BB-425B-A0A1-83E05AEBE563}"
EndProject
Project("{FAE04EC0-301F-11D3-BF4B-00C04F79EFBC}") = "SS.COMMON", "NTier\SS.COMMON\SS.COMMON.csproj", "{83A388A5-F963-4F4A-A789-CA85C43C00A4}"
EndProject
Project("{FAE04EC0-301F-11D3-BF4B-00C04F79EFBC}") = "SS.ENTITIES", "NTier\SS.ENTITIES\SS.ENTITIES.csproj", "{7419B6E8-2540-4FDC-B565-A8C87D5312FF}"
EndProject
Project("{FAE04EC0-301F-11D3-BF4B-00C04F79EFBC}") = "SS.VIEWMODEL", "NTier\SS.VIEWMODEL\SS.VIEWMODEL.csproj", "{877E09C3-C1D9-4D84-B7E5-0EA2ABD12EB0}"
EndProject
Global
	GlobalSection(SolutionConfigurationPlatforms) = preSolution
		Debug|Any CPU = Debug|Any CPU
		Release|Any CPU = Release|Any CPU
	EndGlobalSection
	GlobalSection(ProjectConfigurationPlatforms) = postSolution
		{99D28584-C452-4AFF-B956-ABDFC8F2E77B}.Debug|Any CPU.ActiveCfg = Debug|Any CPU
		{99D28584-C452-4AFF-B956-ABDFC8F2E77B}.Debug|Any CPU.Build.0 = Debug|Any CPU
		{99D28584-C452-4AFF-B956-ABDFC8F2E77B}.Release|Any CPU.ActiveCfg = Release|Any CPU
		{99D28584-C452-4AFF-B956-ABDFC8F2E77B}.Release|Any CPU.Build.0 = Release|Any CPU
		{3E0A0F8A-6FD4-41CF-A4B8-654D521DC532}.Debug|Any CPU.ActiveCfg = Debug|Any CPU
		{3E0A0F8A-6FD4-41CF-A4B8-654D521DC532}.Debug|Any CPU.Build.0 = Debug|Any CPU
		{3E0A0F8A-6FD4-41CF-A4B8-654D521DC532}.Release|Any CPU.ActiveCfg = Release|Any CPU
		{3E0A0F8A-6FD4-41CF-A4B8-654D521DC532}.Release|Any CPU.Build.0 = Release|Any CPU
		{FB9B6E5B-D8F2-47B1-BA61-08B1DD3CEC9B}.Debug|Any CPU.ActiveCfg = Debug|Any CPU
		{FB9B6E5B-D8F2-47B1-BA61-08B1DD3CEC9B}.Debug|Any CPU.Build.0 = Debug|Any CPU
		{FB9B6E5B-D8F2-47B1-BA61-08B1DD3CEC9B}.Release|Any CPU.ActiveCfg = Release|Any CPU
		{FB9B6E5B-D8F2-47B1-BA61-08B1DD3CEC9B}.Release|Any CPU.Build.0 = Release|Any CPU
		{57B5D0E0-A337-4967-A013-1FFD803F058D}.Debug|Any CPU.ActiveCfg = Debug|Any CPU
		{57B5D0E0-A337-4967-A013-1FFD803F058D}.Debug|Any CPU.Build.0 = Debug|Any CPU
		{57B5D0E0-A337-4967-A013-1FFD803F058D}.Release|Any CPU.ActiveCfg = Release|Any CPU
		{57B5D0E0-A337-4967-A013-1FFD803F058D}.Release|Any CPU.Build.0 = Release|Any CPU
		{E45FEED0-35BB-425B-A0A1-83E05AEBE563}.Debug|Any CPU.ActiveCfg = Debug|Any CPU
		{E45FEED0-35BB-425B-A0A1-83E05AEBE563}.Debug|Any CPU.Build.0 = Debug|Any CPU
		{E45FEED0-35BB-425B-A0A1-83E05AEBE563}.Release|Any CPU.ActiveCfg = Release|Any CPU
		{E45FEED0-35BB-425B-A0A1-83E05AEBE563}.Release|Any CPU.Build.0 = Release|Any CPU
		{83A388A5-F963-4F4A-A789-CA85C43C00A4}.Debug|Any CPU.ActiveCfg = Debug|Any CPU
		{83A388A5-F963-4F4A-A789-CA85C43C00A4}.Debug|Any CPU.Build.0 = Debug|Any CPU
		{83A388A5-F963-4F4A-A789-CA85C43C00A4}.Release|Any CPU.ActiveCfg = Release|Any CPU
		{83A388A5-F963-4F4A-A789-CA85C43C00A4}.Release|Any CPU.Build.0 = Release|Any CPU
		{7419B6E8-2540-4FDC-B565-A8C87D5312FF}.Debug|Any CPU.ActiveCfg = Debug|Any CPU
		{7419B6E8-2540-4FDC-B565-A8C87D5312FF}.Debug|Any CPU.Build.0 = Debug|Any CPU
		{7419B6E8-2540-4FDC-B565-A8C87D5312FF}.Release|Any CPU.ActiveCfg = Release|Any CPU
		{7419B6E8-2540-4FDC-B565-A8C87D5312FF}.Release|Any CPU.Build.0 = Release|Any CPU
		{877E09C3-C1D9-4D84-B7E5-0EA2ABD12EB0}.Debug|Any CPU.ActiveCfg = Debug|Any CPU
		{877E09C3-C1D9-4D84-B7E5-0EA2ABD12EB0}.Debug|Any CPU.Build.0 = Debug|Any CPU
		{877E09C3-C1D9-4D84-B7E5-0EA2ABD12EB0}.Release|Any CPU.ActiveCfg = Release|Any CPU
		{877E09C3-C1D9-4D84-B7E5-0EA2ABD12EB0}.Release|Any CPU.Build.0 = Release|Any CPU
	EndGlobalSection
	GlobalSection(SolutionProperties) = preSolution
		HideSolutionNode = FALSE
	EndGlobalSection
	GlobalSection(NestedProjects) = preSolution
		{FB9B6E5B-D8F2-47B1-BA61-08B1DD3CEC9B} = {3B638038-020E-4C0D-B3C2-622FD37C0853}
		{57B5D0E0-A337-4967-A013-1FFD803F058D} = {3B638038-020E-4C0D-B3C2-622FD37C0853}
		{E45FEED0-35BB-425B-A0A1-83E05AEBE563} = {3B638038-020E-4C0D-B3C2-622FD37C0853}
		{83A388A5-F963-4F4A-A789-CA85C43C00A4} = {3B638038-020E-4C0D-B3C2-622FD37C0853}
		{7419B6E8-2540-4FDC-B565-A8C87D5312FF} = {3B638038-020E-4C0D-B3C2-622FD37C0853}
		{877E09C3-C1D9-4D84-B7E5-0EA2ABD12EB0} = {3B638038-020E-4C0D-B3C2-622FD37C0853}
	EndGlobalSection
	GlobalSection(ExtensibilityGlobals) = postSolution
		SolutionGuid = {A9E071D4-7FB3-4A08-875F-F65D66B50846}
	EndGlobalSection
EndGlobal
